{
  "name": "adobe-hut",
  "lockfileVersion": 3,
  "requires": true,
  "packages": {
    "": {
      "dependencies": {
        "aequery": "^0.7.1"
      }
    },
    "node_modules/aequery": {
      "version": "0.7.1",
      "resolved": "https://registry.npmjs.org/aequery/-/aequery-0.7.1.tgz",
      "integrity": "sha512-UyzodMtcy8KP/w7/4T7+Xb2XQajFSose8bugEf/27nQTJDiSeYejR4glLOnN2uvYzCSmntFSWjxODU5VCBUY2w==",
      "license": "MIT"
    }
  }
}
